
Microsoft Visual Studio Solution File, Format Version 12.00
# Visual Studio Version 16
VisualStudioVersion = 16.0.31702.278
MinimumVisualStudioVersion = 10.0.40219.1
Project("{FAE04EC0-301F-11D3-BF4B-00C04F79EFBC}") = "Задание 01", "Задание 01\Задание 01.csproj", "{53DABE7C-D517-4F94-A5A1-24C8C2B55E2B}"
EndProject
Project("{FAE04EC0-301F-11D3-BF4B-00C04F79EFBC}") = "Задание 02", "Задание 02\Задание 02.csproj", "{4BB5D869-F2BB-497B-97AC-0B778475D0E1}"
EndProject
Project("{FAE04EC0-301F-11D3-BF4B-00C04F79EFBC}") = "Задание 03", "Задание 03\Задание 03.csproj", "{3C72132C-4A7D-4D4D-B2BB-9B14B1D01947}"
EndProject
Global
	GlobalSection(SolutionConfigurationPlatforms) = preSolution
		Debug|Any CPU = Debug|Any CPU
		Release|Any CPU = Release|Any CPU
	EndGlobalSection
	GlobalSection(ProjectConfigurationPlatforms) = postSolution
		{53DABE7C-D517-4F94-A5A1-24C8C2B55E2B}.Debug|Any CPU.ActiveCfg = Debug|Any CPU
		{53DABE7C-D517-4F94-A5A1-24C8C2B55E2B}.Debug|Any CPU.Build.0 = Debug|Any CPU
		{53DABE7C-D517-4F94-A5A1-24C8C2B55E2B}.Release|Any CPU.ActiveCfg = Release|Any CPU
		{53DABE7C-D517-4F94-A5A1-24C8C2B55E2B}.Release|Any CPU.Build.0 = Release|Any CPU
		{4BB5D869-F2BB-497B-97AC-0B778475D0E1}.Debug|Any CPU.ActiveCfg = Debug|Any CPU
		{4BB5D869-F2BB-497B-97AC-0B778475D0E1}.Debug|Any CPU.Build.0 = Debug|Any CPU
		{4BB5D869-F2BB-497B-97AC-0B778475D0E1}.Release|Any CPU.ActiveCfg = Release|Any CPU
		{4BB5D869-F2BB-497B-97AC-0B778475D0E1}.Release|Any CPU.Build.0 = Release|Any CPU
		{3C72132C-4A7D-4D4D-B2BB-9B14B1D01947}.Debug|Any CPU.ActiveCfg = Debug|Any CPU
		{3C72132C-4A7D-4D4D-B2BB-9B14B1D01947}.Debug|Any CPU.Build.0 = Debug|Any CPU
		{3C72132C-4A7D-4D4D-B2BB-9B14B1D01947}.Release|Any CPU.ActiveCfg = Release|Any CPU
		{3C72132C-4A7D-4D4D-B2BB-9B14B1D01947}.Release|Any CPU.Build.0 = Release|Any CPU
	EndGlobalSection
	GlobalSection(SolutionProperties) = preSolution
		HideSolutionNode = FALSE
	EndGlobalSection
	GlobalSection(ExtensibilityGlobals) = postSolution
		SolutionGuid = {8A2FA77B-3898-415B-A4C8-0EDE95E30A64}
	EndGlobalSection
EndGlobal
